
Microsoft Visual Studio Solution File, Format Version 12.00
# Visual Studio 15
VisualStudioVersion = 15.0.28307.645
MinimumVisualStudioVersion = 10.0.40219.1
Project("{9A19103F-16F7-4668-BE54-9A1E7A4F7556}") = "VillainHeadquarters.Test", "VillainHeadquarters.Test\VillainHeadquarters.Test.csproj", "{C550A0FA-CC7E-4841-91DA-6AEBCB1B4ED6}"
EndProject
Project("{9A19103F-16F7-4668-BE54-9A1E7A4F7556}") = "VillainBanker", "VillainBanker\VillainBanker.csproj", "{88B54F37-D1FA-474F-85C1-320C7D72C3A2}"
EndProject
Project("{9A19103F-16F7-4668-BE54-9A1E7A4F7556}") = "VillainBanker.Test", "VillainBanker.Test\VillainBanker.Test.csproj", "{56FE0016-ACFC-44EA-81AF-9045577D2841}"
EndProject
Project("{9A19103F-16F7-4668-BE54-9A1E7A4F7556}") = "VillainMarketplace", "VillainMarketplace\VillainMarketplace.csproj", "{E3C4CF43-FF7A-447A-AD6E-AE40359DAF25}"
EndProject
Project("{9A19103F-16F7-4668-BE54-9A1E7A4F7556}") = "VillainMarketplace.Test", "VillainMarketplace.Test\VillainMarketplace.Test.csproj", "{6B001154-F2DC-41E4-BDC7-5D0DEB4E334A}"
EndProject
Project("{9A19103F-16F7-4668-BE54-9A1E7A4F7556}") = "VillainHeadquarters", "VillainHeadquarters\VillainHeadquarters.csproj", "{C9E93E9E-AC9A-48A5-8CE3-B1A4656C84AE}"
EndProject
Global
	GlobalSection(SolutionConfigurationPlatforms) = preSolution
		Debug|Any CPU = Debug|Any CPU
		Release|Any CPU = Release|Any CPU
	EndGlobalSection
	GlobalSection(ProjectConfigurationPlatforms) = postSolution
		{C550A0FA-CC7E-4841-91DA-6AEBCB1B4ED6}.Debug|Any CPU.ActiveCfg = Debug|Any CPU
		{C550A0FA-CC7E-4841-91DA-6AEBCB1B4ED6}.Debug|Any CPU.Build.0 = Debug|Any CPU
		{C550A0FA-CC7E-4841-91DA-6AEBCB1B4ED6}.Release|Any CPU.ActiveCfg = Release|Any CPU
		{C550A0FA-CC7E-4841-91DA-6AEBCB1B4ED6}.Release|Any CPU.Build.0 = Release|Any CPU
		{88B54F37-D1FA-474F-85C1-320C7D72C3A2}.Debug|Any CPU.ActiveCfg = Debug|Any CPU
		{88B54F37-D1FA-474F-85C1-320C7D72C3A2}.Debug|Any CPU.Build.0 = Debug|Any CPU
		{88B54F37-D1FA-474F-85C1-320C7D72C3A2}.Release|Any CPU.ActiveCfg = Release|Any CPU
		{88B54F37-D1FA-474F-85C1-320C7D72C3A2}.Release|Any CPU.Build.0 = Release|Any CPU
		{56FE0016-ACFC-44EA-81AF-9045577D2841}.Debug|Any CPU.ActiveCfg = Debug|Any CPU
		{56FE0016-ACFC-44EA-81AF-9045577D2841}.Debug|Any CPU.Build.0 = Debug|Any CPU
		{56FE0016-ACFC-44EA-81AF-9045577D2841}.Release|Any CPU.ActiveCfg = Release|Any CPU
		{56FE0016-ACFC-44EA-81AF-9045577D2841}.Release|Any CPU.Build.0 = Release|Any CPU
		{E3C4CF43-FF7A-447A-AD6E-AE40359DAF25}.Debug|Any CPU.ActiveCfg = Debug|Any CPU
		{E3C4CF43-FF7A-447A-AD6E-AE40359DAF25}.Debug|Any CPU.Build.0 = Debug|Any CPU
		{E3C4CF43-FF7A-447A-AD6E-AE40359DAF25}.Release|Any CPU.ActiveCfg = Release|Any CPU
		{E3C4CF43-FF7A-447A-AD6E-AE40359DAF25}.Release|Any CPU.Build.0 = Release|Any CPU
		{6B001154-F2DC-41E4-BDC7-5D0DEB4E334A}.Debug|Any CPU.ActiveCfg = Debug|Any CPU
		{6B001154-F2DC-41E4-BDC7-5D0DEB4E334A}.Debug|Any CPU.Build.0 = Debug|Any CPU
		{6B001154-F2DC-41E4-BDC7-5D0DEB4E334A}.Release|Any CPU.ActiveCfg = Release|Any CPU
		{6B001154-F2DC-41E4-BDC7-5D0DEB4E334A}.Release|Any CPU.Build.0 = Release|Any CPU
		{C9E93E9E-AC9A-48A5-8CE3-B1A4656C84AE}.Debug|Any CPU.ActiveCfg = Debug|Any CPU
		{C9E93E9E-AC9A-48A5-8CE3-B1A4656C84AE}.Debug|Any CPU.Build.0 = Debug|Any CPU
		{C9E93E9E-AC9A-48A5-8CE3-B1A4656C84AE}.Release|Any CPU.ActiveCfg = Release|Any CPU
		{C9E93E9E-AC9A-48A5-8CE3-B1A4656C84AE}.Release|Any CPU.Build.0 = Release|Any CPU
	EndGlobalSection
	GlobalSection(SolutionProperties) = preSolution
		HideSolutionNode = FALSE
	EndGlobalSection
	GlobalSection(ExtensibilityGlobals) = postSolution
		SolutionGuid = {53B56678-BB85-465A-BD6F-9B1CAFF5F3AE}
	EndGlobalSection
EndGlobal
